
Microsoft Visual Studio Solution File, Format Version 12.00
# Visual Studio Version 17
VisualStudioVersion = 17.4.33205.214
MinimumVisualStudioVersion = 10.0.40219.1
Project("{2150E333-8FDC-42A3-9474-1A3956D46DE8}") = "src", "src", "{84436B2D-665E-4420-B14B-93EDCD1B8E25}"
EndProject
Project("{2150E333-8FDC-42A3-9474-1A3956D46DE8}") = "Core", "Core", "{6E686EE2-FD54-4422-B99D-F7E6E3C0F91D}"
EndProject
Project("{2150E333-8FDC-42A3-9474-1A3956D46DE8}") = "External", "External", "{D585AE95-9CF3-4D83-829E-B2C57675EFAE}"
EndProject
Project("{9A19103F-16F7-4668-BE54-9A1E7A4F7556}") = "Application", "Application\Application.csproj", "{1C51B4F5-DBB9-4FF9-B804-781EF8339D7E}"
EndProject
Project("{9A19103F-16F7-4668-BE54-9A1E7A4F7556}") = "Domain", "Domain\Domain.csproj", "{88A4FCB1-7417-4F89-8952-3484709EE051}"
EndProject
Project("{9A19103F-16F7-4668-BE54-9A1E7A4F7556}") = "Infrastructure", "Infrastructure\Infrastructure.csproj", "{3407806D-7AE8-4FDE-A807-7D13F5104779}"
EndProject
Project("{FAE04EC0-301F-11D3-BF4B-00C04F79EFBC}") = "Presentation", "Presentation\Presentation.csproj", "{F669526E-9103-4517-9BD2-54E7A34BB963}"
EndProject
Global
	GlobalSection(SolutionConfigurationPlatforms) = preSolution
		Debug|Any CPU = Debug|Any CPU
		Release|Any CPU = Release|Any CPU
	EndGlobalSection
	GlobalSection(ProjectConfigurationPlatforms) = postSolution
		{1C51B4F5-DBB9-4FF9-B804-781EF8339D7E}.Debug|Any CPU.ActiveCfg = Debug|Any CPU
		{1C51B4F5-DBB9-4FF9-B804-781EF8339D7E}.Debug|Any CPU.Build.0 = Debug|Any CPU
		{1C51B4F5-DBB9-4FF9-B804-781EF8339D7E}.Release|Any CPU.ActiveCfg = Release|Any CPU
		{1C51B4F5-DBB9-4FF9-B804-781EF8339D7E}.Release|Any CPU.Build.0 = Release|Any CPU
		{88A4FCB1-7417-4F89-8952-3484709EE051}.Debug|Any CPU.ActiveCfg = Debug|Any CPU
		{88A4FCB1-7417-4F89-8952-3484709EE051}.Debug|Any CPU.Build.0 = Debug|Any CPU
		{88A4FCB1-7417-4F89-8952-3484709EE051}.Release|Any CPU.ActiveCfg = Release|Any CPU
		{88A4FCB1-7417-4F89-8952-3484709EE051}.Release|Any CPU.Build.0 = Release|Any CPU
		{3407806D-7AE8-4FDE-A807-7D13F5104779}.Debug|Any CPU.ActiveCfg = Debug|Any CPU
		{3407806D-7AE8-4FDE-A807-7D13F5104779}.Debug|Any CPU.Build.0 = Debug|Any CPU
		{3407806D-7AE8-4FDE-A807-7D13F5104779}.Release|Any CPU.ActiveCfg = Release|Any CPU
		{3407806D-7AE8-4FDE-A807-7D13F5104779}.Release|Any CPU.Build.0 = Release|Any CPU
		{F669526E-9103-4517-9BD2-54E7A34BB963}.Debug|Any CPU.ActiveCfg = Debug|Any CPU
		{F669526E-9103-4517-9BD2-54E7A34BB963}.Debug|Any CPU.Build.0 = Debug|Any CPU
		{F669526E-9103-4517-9BD2-54E7A34BB963}.Release|Any CPU.ActiveCfg = Release|Any CPU
		{F669526E-9103-4517-9BD2-54E7A34BB963}.Release|Any CPU.Build.0 = Release|Any CPU
	EndGlobalSection
	GlobalSection(SolutionProperties) = preSolution
		HideSolutionNode = FALSE
	EndGlobalSection
	GlobalSection(NestedProjects) = preSolution
		{6E686EE2-FD54-4422-B99D-F7E6E3C0F91D} = {84436B2D-665E-4420-B14B-93EDCD1B8E25}
		{D585AE95-9CF3-4D83-829E-B2C57675EFAE} = {84436B2D-665E-4420-B14B-93EDCD1B8E25}
		{1C51B4F5-DBB9-4FF9-B804-781EF8339D7E} = {6E686EE2-FD54-4422-B99D-F7E6E3C0F91D}
		{88A4FCB1-7417-4F89-8952-3484709EE051} = {6E686EE2-FD54-4422-B99D-F7E6E3C0F91D}
		{3407806D-7AE8-4FDE-A807-7D13F5104779} = {D585AE95-9CF3-4D83-829E-B2C57675EFAE}
		{F669526E-9103-4517-9BD2-54E7A34BB963} = {D585AE95-9CF3-4D83-829E-B2C57675EFAE}
	EndGlobalSection
	GlobalSection(ExtensibilityGlobals) = postSolution
		SolutionGuid = {5730A538-4F3A-4C57-BAF9-D755B521AA62}
	EndGlobalSection
EndGlobal
